
Microsoft Visual Studio Solution File, Format Version 12.00
# Visual Studio Version 16
VisualStudioVersion = 16.0.29613.14
MinimumVisualStudioVersion = 10.0.40219.1
Project("{FAE04EC0-301F-11D3-BF4B-00C04F79EFBC}") = "List", "List\List.csproj", "{2839607A-4078-40CF-B4D7-B21964FBB496}"
EndProject
Project("{FAE04EC0-301F-11D3-BF4B-00C04F79EFBC}") = "ListTest", "ListTest\ListTest.csproj", "{44DF92D6-604A-4159-835C-DBF8B572D4CA}"
EndProject
Global
	GlobalSection(SolutionConfigurationPlatforms) = preSolution
		Debug|Any CPU = Debug|Any CPU
		Release|Any CPU = Release|Any CPU
	EndGlobalSection
	GlobalSection(ProjectConfigurationPlatforms) = postSolution
		{2839607A-4078-40CF-B4D7-B21964FBB496}.Debug|Any CPU.ActiveCfg = Debug|Any CPU
		{2839607A-4078-40CF-B4D7-B21964FBB496}.Debug|Any CPU.Build.0 = Debug|Any CPU
		{2839607A-4078-40CF-B4D7-B21964FBB496}.Release|Any CPU.ActiveCfg = Release|Any CPU
		{2839607A-4078-40CF-B4D7-B21964FBB496}.Release|Any CPU.Build.0 = Release|Any CPU
		{44DF92D6-604A-4159-835C-DBF8B572D4CA}.Debug|Any CPU.ActiveCfg = Debug|Any CPU
		{44DF92D6-604A-4159-835C-DBF8B572D4CA}.Debug|Any CPU.Build.0 = Debug|Any CPU
		{44DF92D6-604A-4159-835C-DBF8B572D4CA}.Release|Any CPU.ActiveCfg = Release|Any CPU
		{44DF92D6-604A-4159-835C-DBF8B572D4CA}.Release|Any CPU.Build.0 = Release|Any CPU
	EndGlobalSection
	GlobalSection(SolutionProperties) = preSolution
		HideSolutionNode = FALSE
	EndGlobalSection
	GlobalSection(ExtensibilityGlobals) = postSolution
		SolutionGuid = {12797B65-3DA0-469F-A6ED-5BF96B3B850C}
	EndGlobalSection
EndGlobal
